
Microsoft Visual Studio Solution File, Format Version 12.00
# Visual Studio Version 16
VisualStudioVersion = 16.0.29009.5
MinimumVisualStudioVersion = 10.0.40219.1
Project("{FAE04EC0-301F-11D3-BF4B-00C04F79EFBC}") = "UAH_HelperBot", "UAH_HelperBot\UAH_HelperBot.csproj", "{65E6238C-B383-460B-98E3-98B7E432244E}"
EndProject
Global
	GlobalSection(SolutionConfigurationPlatforms) = preSolution
		Debug|Any CPU = Debug|Any CPU
		Release|Any CPU = Release|Any CPU
	EndGlobalSection
	GlobalSection(ProjectConfigurationPlatforms) = postSolution
		{65E6238C-B383-460B-98E3-98B7E432244E}.Debug|Any CPU.ActiveCfg = Debug|Any CPU
		{65E6238C-B383-460B-98E3-98B7E432244E}.Debug|Any CPU.Build.0 = Debug|Any CPU
		{65E6238C-B383-460B-98E3-98B7E432244E}.Release|Any CPU.ActiveCfg = Release|Any CPU
		{65E6238C-B383-460B-98E3-98B7E432244E}.Release|Any CPU.Build.0 = Release|Any CPU
	EndGlobalSection
	GlobalSection(SolutionProperties) = preSolution
		HideSolutionNode = FALSE
	EndGlobalSection
	GlobalSection(ExtensibilityGlobals) = postSolution
		SolutionGuid = {3A2D032A-48DE-44A9-AC79-BC5435818873}
	EndGlobalSection
EndGlobal
